
Microsoft Visual Studio Solution File, Format Version 12.00
# Visual Studio 15
VisualStudioVersion = 15.0.27428.2043
MinimumVisualStudioVersion = 10.0.40219.1
Project("{FAE04EC0-301F-11D3-BF4B-00C04F79EFBC}") = "Jump", "Jump\Jump.csproj", "{EB197514-F8CA-4AE7-A378-D5332E37B2E6}"
EndProject
Project("{FAE04EC0-301F-11D3-BF4B-00C04F79EFBC}") = "GUI", "GUI\GUI.csproj", "{7FD89446-7F4D-4B9C-B08A-F9DEDCBAAD1B}"
EndProject
Global
	GlobalSection(SolutionConfigurationPlatforms) = preSolution
		Debug|x86 = Debug|x86
		Release|x86 = Release|x86
	EndGlobalSection
	GlobalSection(ProjectConfigurationPlatforms) = postSolution
		{EB197514-F8CA-4AE7-A378-D5332E37B2E6}.Debug|x86.ActiveCfg = Debug|x86
		{EB197514-F8CA-4AE7-A378-D5332E37B2E6}.Debug|x86.Build.0 = Debug|x86
		{EB197514-F8CA-4AE7-A378-D5332E37B2E6}.Release|x86.ActiveCfg = Release|x86
		{EB197514-F8CA-4AE7-A378-D5332E37B2E6}.Release|x86.Build.0 = Release|x86
		{7FD89446-7F4D-4B9C-B08A-F9DEDCBAAD1B}.Debug|x86.ActiveCfg = Debug|x86
		{7FD89446-7F4D-4B9C-B08A-F9DEDCBAAD1B}.Debug|x86.Build.0 = Debug|x86
		{7FD89446-7F4D-4B9C-B08A-F9DEDCBAAD1B}.Release|x86.ActiveCfg = Release|x86
		{7FD89446-7F4D-4B9C-B08A-F9DEDCBAAD1B}.Release|x86.Build.0 = Release|x86
	EndGlobalSection
	GlobalSection(SolutionProperties) = preSolution
		HideSolutionNode = FALSE
	EndGlobalSection
	GlobalSection(ExtensibilityGlobals) = postSolution
		SolutionGuid = {8BC6756B-CCC2-4402-88FA-56E326DE4BB4}
	EndGlobalSection
EndGlobal
